// !$*UTF8*$!
{
	archiveVersion = 1;
	classes = {
	};
	objectVersion = 46;
	objects = {

/* Begin PBXBuildFile section */
		95D0D7591986C65700A213F6 /* Foundation.framework in Frameworks */ = {isa = PBXBuildFile; fileRef = 95D0D7581986C65700A213F6 /* Foundation.framework */; };
		95D0D75B1986C65700A213F6 /* CoreGraphics.framework in Frameworks */ = {isa = PBXBuildFile; fileRef = 95D0D75A1986C65700A213F6 /* CoreGraphics.framework */; };
		95D0D75D1986C65700A213F6 /* UIKit.framework in Frameworks */ = {isa = PBXBuildFile; fileRef = 95D0D75C1986C65700A213F6 /* UIKit.framework */; };
		95D0D7631986C65700A213F6 /* InfoPlist.strings in Resources */ = {isa = PBXBuildFile; fileRef = 95D0D7611986C65700A213F6 /* InfoPlist.strings */; };
		95D0D7651986C65700A213F6 /* main.m in Sources */ = {isa = PBXBuildFile; fileRef = 95D0D7641986C65700A213F6 /* main.m */; };
		95D0D7691986C65700A213F6 /* AppDelegate.m in Sources */ = {isa = PBXBuildFile; fileRef = 95D0D7681986C65700A213F6 /* AppDelegate.m */; };
		95D0D76C1986C65700A213F6 /* Main_iPhone.storyboard in Resources */ = {isa = PBXBuildFile; fileRef = 95D0D76A1986C65700A213F6 /* Main_iPhone.storyboard */; };
		95D0D76F1986C65700A213F6 /* Main_iPad.storyboard in Resources */ = {isa = PBXBuildFile; fileRef = 95D0D76D1986C65700A213F6 /* Main_iPad.storyboard */; };
		95D0D7721986C65700A213F6 /* ViewController.m in Sources */ = {isa = PBXBuildFile; fileRef = 95D0D7711986C65700A213F6 /* ViewController.m */; };
		95D0D7741986C65700A213F6 /* Images.xcassets in Resources */ = {isa = PBXBuildFile; fileRef = 95D0D7731986C65700A213F6 /* Images.xcassets */; };
		95D0D77B1986C65700A213F6 /* XCTest.framework in Frameworks */ = {isa = PBXBuildFile; fileRef = 95D0D77A1986C65700A213F6 /* XCTest.framework */; };
		95D0D77C1986C65700A213F6 /* Foundation.framework in Frameworks */ = {isa = PBXBuildFile; fileRef = 95D0D7581986C65700A213F6 /* Foundation.framework */; };
		95D0D77D1986C65700A213F6 /* UIKit.framework in Frameworks */ = {isa = PBXBuildFile; fileRef = 95D0D75C1986C65700A213F6 /* UIKit.framework */; };
		95D0D7851986C65700A213F6 /* InfoPlist.strings in Resources */ = {isa = PBXBuildFile; fileRef = 95D0D7831986C65700A213F6 /* InfoPlist.strings */; };
		95D0D7871986C65700A213F6 /* SuperLinkedinTests.m in Sources */ = {isa = PBXBuildFile; fileRef = 95D0D7861986C65700A213F6 /* SuperLinkedinTests.m */; };
/* End PBXBuildFile section */

/* Begin PBXContainerItemProxy section */
		95D0D77E1986C65700A213F6 /* PBXContainerItemProxy */ = {
			isa = PBXContainerItemProxy;
			containerPortal = 95D0D74D1986C65700A213F6 /* Project object */;
			proxyType = 1;
			remoteGlobalIDString = 95D0D7541986C65700A213F6;
			remoteInfo = SuperLinkedin;
		};
/* End PBXContainerItemProxy section */

/* Begin PBXFileReference section */
		95D0D7551986C65700A213F6 /* SuperLinkedin.app */ = {isa = PBXFileReference; explicitFileType = wrapper.application; includeInIndex = 0; path = SuperLinkedin.app; sourceTree = BUILT_PRODUCTS_DIR; };
		95D0D7581986C65700A213F6 /* Foundation.framework */ = {isa = PBXFileReference; lastKnownFileType = wrapper.framework; name = Foundation.framework; path = System/Library/Frameworks/Foundation.framework; sourceTree = SDKROOT; };
		95D0D75A1986C65700A213F6 /* CoreGraphics.framework */ = {isa = PBXFileReference; lastKnownFileType = wrapper.framework; name = CoreGraphics.framework; path = System/Library/Frameworks/CoreGraphics.framework; sourceTree = SDKROOT; };
		95D0D75C1986C65700A213F6 /* UIKit.framework */ = {isa = PBXFileReference; lastKnownFileType = wrapper.framework; name = UIKit.framework; path = System/Library/Frameworks/UIKit.framework; sourceTree = SDKROOT; };
		95D0D7601986C65700A213F6 /* SuperLinkedin-Info.plist */ = {isa = PBXFileReference; lastKnownFileType = text.plist.xml; path = "SuperLinkedin-Info.plist"; sourceTree = "<group>"; };
		95D0D7621986C65700A213F6 /* en */ = {isa = PBXFileReference; lastKnownFileType = text.plist.strings; name = en; path = en.lproj/InfoPlist.strings; sourceTree = "<group>"; };
		95D0D7641986C65700A213F6 /* main.m */ = {isa = PBXFileReference; lastKnownFileType = sourcecode.c.objc; path = main.m; sourceTree = "<group>"; };
		95D0D7661986C65700A213F6 /* SuperLinkedin-Prefix.pch */ = {isa = PBXFileReference; lastKnownFileType = sourcecode.c.h; path = "SuperLinkedin-Prefix.pch"; sourceTree = "<group>"; };
		95D0D7671986C65700A213F6 /* AppDelegate.h */ = {isa = PBXFileReference; lastKnownFileType = sourcecode.c.h; path = AppDelegate.h; sourceTree = "<group>"; };
		95D0D7681986C65700A213F6 /* AppDelegate.m */ = {isa = PBXFileReference; lastKnownFileType = sourcecode.c.objc; path = AppDelegate.m; sourceTree = "<group>"; };
		95D0D76B1986C65700A213F6 /* Base */ = {isa = PBXFileReference; lastKnownFileType = file.storyboard; name = Base; path = Base.lproj/Main_iPhone.storyboard; sourceTree = "<group>"; };
		95D0D76E1986C65700A213F6 /* Base */ = {isa = PBXFileReference; lastKnownFileType = file.storyboard; name = Base; path = Base.lproj/Main_iPad.storyboard; sourceTree = "<group>"; };
		95D0D7701986C65700A213F6 /* ViewController.h */ = {isa = PBXFileReference; lastKnownFileType = sourcecode.c.h; path = ViewController.h; sourceTree = "<group>"; };
		95D0D7711986C65700A213F6 /* ViewController.m */ = {isa = PBXFileReference; lastKnownFileType = sourcecode.c.objc; path = ViewController.m; sourceTree = "<group>"; };
		95D0D7731986C65700A213F6 /* Images.xcassets */ = {isa = PBXFileReference; lastKnownFileType = folder.assetcatalog; path = Images.xcassets; sourceTree = "<group>"; };
		95D0D7791986C65700A213F6 /* SuperLinkedinTests.xctest */ = {isa = PBXFileReference; explicitFileType = wrapper.cfbundle; includeInIndex = 0; path = SuperLinkedinTests.xctest; sourceTree = BUILT_PRODUCTS_DIR; };
		95D0D77A1986C65700A213F6 /* XCTest.framework */ = {isa = PBXFileReference; lastKnownFileType = wrapper.framework; name = XCTest.framework; path = Library/Frameworks/XCTest.framework; sourceTree = DEVELOPER_DIR; };
		95D0D7821986C65700A213F6 /* SuperLinkedinTests-Info.plist */ = {isa = PBXFileReference; lastKnownFileType = text.plist.xml; path = "SuperLinkedinTests-Info.plist"; sourceTree = "<group>"; };
		95D0D7841986C65700A213F6 /* en */ = {isa = PBXFileReference; lastKnownFileType = text.plist.strings; name = en; path = en.lproj/InfoPlist.strings; sourceTree = "<group>"; };
		95D0D7861986C65700A213F6 /* SuperLinkedinTests.m */ = {isa = PBXFileReference; lastKnownFileType = sourcecode.c.objc; path = SuperLinkedinTests.m; sourceTree = "<group>"; };
/* End PBXFileReference section */

/* Begin PBXFrameworksBuildPhase section */
		95D0D7521986C65700A213F6 /* Frameworks */ = {
			isa = PBXFrameworksBuildPhase;
			buildActionMask = 2147483647;
			files = (
				95D0D75B1986C65700A213F6 /* CoreGraphics.framework in Frameworks */,
				95D0D75D1986C65700A213F6 /* UIKit.framework in Frameworks */,
				95D0D7591986C65700A213F6 /* Foundation.framework in Frameworks */,
			);
			runOnlyForDeploymentPostprocessing = 0;
		};
		95D0D7761986C65700A213F6 /* Frameworks */ = {
			isa = PBXFrameworksBuildPhase;
			buildActionMask = 2147483647;
			files = (
				95D0D77B1986C65700A213F6 /* XCTest.framework in Frameworks */,
				95D0D77D1986C65700A213F6 /* UIKit.framework in Frameworks */,
				95D0D77C1986C65700A213F6 /* Foundation.framework in Frameworks */,
			);
			runOnlyForDeploymentPostprocessing = 0;
		};
/* End PBXFrameworksBuildPhase section */

/* Begin PBXGroup section */
		95D0D74C1986C65700A213F6 = {
			isa = PBXGroup;
			children = (
				95D0D75E1986C65700A213F6 /* SuperLinkedin */,
				95D0D7801986C65700A213F6 /* SuperLinkedinTests */,
				95D0D7571986C65700A213F6 /* Frameworks */,
				95D0D7561986C65700A213F6 /* Products */,
			);
			sourceTree = "<group>";
		};
		95D0D7561986C65700A213F6 /* Products */ = {
			isa = PBXGroup;
			children = (
				95D0D7551986C65700A213F6 /* SuperLinkedin.app */,
				95D0D7791986C65700A213F6 /* SuperLinkedinTests.xctest */,
			);
			name = Products;
			sourceTree = "<group>";
		};
		95D0D7571986C65700A213F6 /* Frameworks */ = {
			isa = PBXGroup;
			children = (
				95D0D7581986C65700A213F6 /* Foundation.framework */,
				95D0D75A1986C65700A213F6 /* CoreGraphics.framework */,
				95D0D75C1986C65700A213F6 /* UIKit.framework */,
				95D0D77A1986C65700A213F6 /* XCTest.framework */,
			);
			name = Frameworks;
			sourceTree = "<group>";
		};
		95D0D75E1986C65700A213F6 /* SuperLinkedin */ = {
			isa = PBXGroup;
			children = (
				95D0D7671986C65700A213F6 /* AppDelegate.h */,
				95D0D7681986C65700A213F6 /* AppDelegate.m */,
				95D0D76A1986C65700A213F6 /* Main_iPhone.storyboard */,
				95D0D76D1986C65700A213F6 /* Main_iPad.storyboard */,
				95D0D7701986C65700A213F6 /* ViewController.h */,
				95D0D7711986C65700A213F6 /* ViewController.m */,
				95D0D7731986C65700A213F6 /* Images.xcassets */,
				95D0D75F1986C65700A213F6 /* Supporting Files */,
			);
			path = SuperLinkedin;
			sourceTree = "<group>";
		};
		95D0D75F1986C65700A213F6 /* Supporting Files */ = {
			isa = PBXGroup;
			children = (
				95D0D7601986C65700A213F6 /* SuperLinkedin-Info.plist */,
				95D0D7611986C65700A213F6 /* InfoPlist.strings */,
				95D0D7641986C65700A213F6 /* main.m */,
				95D0D7661986C65700A213F6 /* SuperLinkedin-Prefix.pch */,
			);
			name = "Supporting Files";
			sourceTree = "<group>";
		};
		95D0D7801986C65700A213F6 /* SuperLinkedinTests */ = {
			isa = PBXGroup;
			children = (
				95D0D7861986C65700A213F6 /* SuperLinkedinTests.m */,
				95D0D7811986C65700A213F6 /* Supporting Files */,
			);
			path = SuperLinkedinTests;
			sourceTree = "<group>";
		};
		95D0D7811986C65700A213F6 /* Supporting Files */ = {
			isa = PBXGroup;
			children = (
				95D0D7821986C65700A213F6 /* SuperLinkedinTests-Info.plist */,
				95D0D7831986C65700A213F6 /* InfoPlist.strings */,
			);
			name = "Supporting Files";
			sourceTree = "<group>";
		};
/* End PBXGroup section */

/* Begin PBXNativeTarget section */
		95D0D7541986C65700A213F6 /* SuperLinkedin */ = {
			isa = PBXNativeTarget;
			buildConfigurationList = 95D0D78A1986C65700A213F6 /* Build configuration list for PBXNativeTarget "SuperLinkedin" */;
			buildPhases = (
				95D0D7511986C65700A213F6 /* Sources */,
				95D0D7521986C65700A213F6 /* Frameworks */,
				95D0D7531986C65700A213F6 /* Resources */,
			);
			buildRules = (
			);
			dependencies = (
			);
			name = SuperLinkedin;
			productName = SuperLinkedin;
			productReference = 95D0D7551986C65700A213F6 /* SuperLinkedin.app */;
			productType = "com.apple.product-type.application";
		};
		95D0D7781986C65700A213F6 /* SuperLinkedinTests */ = {
			isa = PBXNativeTarget;
			buildConfigurationList = 95D0D78D1986C65700A213F6 /* Build configuration list for PBXNativeTarget "SuperLinkedinTests" */;
			buildPhases = (
				95D0D7751986C65700A213F6 /* Sources */,
				95D0D7761986C65700A213F6 /* Frameworks */,
				95D0D7771986C65700A213F6 /* Resources */,
			);
			buildRules = (
			);
			dependencies = (
				95D0D77F1986C65700A213F6 /* PBXTargetDependency */,
			);
			name = SuperLinkedinTests;
			productName = SuperLinkedinTests;
			productReference = 95D0D7791986C65700A213F6 /* SuperLinkedinTests.xctest */;
			productType = "com.apple.product-type.bundle.unit-test";
		};
/* End PBXNativeTarget section */

/* Begin PBXProject section */
		95D0D74D1986C65700A213F6 /* Project object */ = {
			isa = PBXProject;
			attributes = {
				LastUpgradeCheck = 0510;
				ORGANIZATIONNAME = ej;
				TargetAttributes = {
					95D0D7781986C65700A213F6 = {
						TestTargetID = 95D0D7541986C65700A213F6;
					};
				};
			};
			buildConfigurationList = 95D0D7501986C65700A213F6 /* Build configuration list for PBXProject "SuperLinkedin" */;
			compatibilityVersion = "Xcode 3.2";
			developmentRegion = English;
			hasScannedForEncodings = 0;
			knownRegions = (
				en,
				Base,
			);
			mainGroup = 95D0D74C1986C65700A213F6;
			productRefGroup = 95D0D7561986C65700A213F6 /* Products */;
			projectDirPath = "";
			projectRoot = "";
			targets = (
				95D0D7541986C65700A213F6 /* SuperLinkedin */,
				95D0D7781986C65700A213F6 /* SuperLinkedinTests */,
			);
		};
/* End PBXProject section */

/* Begin PBXResourcesBuildPhase section */
		95D0D7531986C65700A213F6 /* Resources */ = {
			isa = PBXResourcesBuildPhase;
			buildActionMask = 2147483647;
			files = (
				95D0D76F1986C65700A213F6 /* Main_iPad.storyboard in Resources */,
				95D0D7741986C65700A213F6 /* Images.xcassets in Resources */,
				95D0D76C1986C65700A213F6 /* Main_iPhone.storyboard in Resources */,
				95D0D7631986C65700A213F6 /* InfoPlist.strings in Resources */,
			);
			runOnlyForDeploymentPostprocessing = 0;
		};
		95D0D7771986C65700A213F6 /* Resources */ = {
			isa = PBXResourcesBuildPhase;
			buildActionMask = 2147483647;
			files = (
				95D0D7851986C65700A213F6 /* InfoPlist.strings in Resources */,
			);
			runOnlyForDeploymentPostprocessing = 0;
		};
/* End PBXResourcesBuildPhase section */

/* Begin PBXSourcesBuildPhase section */
		95D0D7511986C65700A213F6 /* Sources */ = {
			isa = PBXSourcesBuildPhase;
			buildActionMask = 2147483647;
			files = (
				95D0D7721986C65700A213F6 /* ViewController.m in Sources */,
				95D0D7691986C65700A213F6 /* AppDelegate.m in Sources */,
				95D0D7651986C65700A213F6 /* main.m in Sources */,
			);
			runOnlyForDeploymentPostprocessing = 0;
		};
		95D0D7751986C65700A213F6 /* Sources */ = {
			isa = PBXSourcesBuildPhase;
			buildActionMask = 2147483647;
			files = (
				95D0D7871986C65700A213F6 /* SuperLinkedinTests.m in Sources */,
			);
			runOnlyForDeploymentPostprocessing = 0;
		};
/* End PBXSourcesBuildPhase section */

/* Begin PBXTargetDependency section */
		95D0D77F1986C65700A213F6 /* PBXTargetDependency */ = {
			isa = PBXTargetDependency;
			target = 95D0D7541986C65700A213F6 /* SuperLinkedin */;
			targetProxy = 95D0D77E1986C65700A213F6 /* PBXContainerItemProxy */;
		};
/* End PBXTargetDependency section */

/* Begin PBXVariantGroup section */
		95D0D7611986C65700A213F6 /* InfoPlist.strings */ = {
			isa = PBXVariantGroup;
			children = (
				95D0D7621986C65700A213F6 /* en */,
			);
			name = InfoPlist.strings;
			sourceTree = "<group>";
		};
		95D0D76A1986C65700A213F6 /* Main_iPhone.storyboard */ = {
			isa = PBXVariantGroup;
			children = (
				95D0D76B1986C65700A213F6 /* Base */,
			);
			name = Main_iPhone.storyboard;
			sourceTree = "<group>";
		};
		95D0D76D1986C65700A213F6 /* Main_iPad.storyboard */ = {
			isa = PBXVariantGroup;
			children = (
				95D0D76E1986C65700A213F6 /* Base */,
			);
			name = Main_iPad.storyboard;
			sourceTree = "<group>";
		};
		95D0D7831986C65700A213F6 /* InfoPlist.strings */ = {
			isa = PBXVariantGroup;
			children = (
				95D0D7841986C65700A213F6 /* en */,
			);
			name = InfoPlist.strings;
			sourceTree = "<group>";
		};
/* End PBXVariantGroup section */

/* Begin XCBuildConfiguration section */
		95D0D7881986C65700A213F6 /* Debug */ = {
			isa = XCBuildConfiguration;
			buildSettings = {
				ALWAYS_SEARCH_USER_PATHS = NO;
				CLANG_CXX_LANGUAGE_STANDARD = "gnu++0x";
				CLANG_CXX_LIBRARY = "libc++";
				CLANG_ENABLE_MODULES = YES;
				CLANG_ENABLE_OBJC_ARC = YES;
				CLANG_WARN_BOOL_CONVERSION = YES;
				CLANG_WARN_CONSTANT_CONVERSION = YES;
				CLANG_WARN_DIRECT_OBJC_ISA_USAGE = YES_ERROR;
				CLANG_WARN_EMPTY_BODY = YES;
				CLANG_WARN_ENUM_CONVERSION = YES;
				CLANG_WARN_INT_CONVERSION = YES;
				CLANG_WARN_OBJC_ROOT_CLASS = YES_ERROR;
				CLANG_WARN__DUPLICATE_METHOD_MATCH = YES;
				"CODE_SIGN_IDENTITY[sdk=iphoneos*]" = "iPhone Developer";
				COPY_PHASE_STRIP = NO;
				GCC_C_LANGUAGE_STANDARD = gnu99;
				GCC_DYNAMIC_NO_PIC = NO;
				GCC_OPTIMIZATION_LEVEL = 0;
				GCC_PREPROCESSOR_DEFINITIONS = (
					"DEBUG=1",
					"$(inherited)",
				);
				GCC_SYMBOLS_PRIVATE_EXTERN = NO;
				GCC_WARN_64_TO_32_BIT_CONVERSION = YES;
				GCC_WARN_ABOUT_RETURN_TYPE = YES_ERROR;
				GCC_WARN_UNDECLARED_SELECTOR = YES;
				GCC_WARN_UNINITIALIZED_AUTOS = YES_AGGRESSIVE;
				GCC_WARN_UNUSED_FUNCTION = YES;
				GCC_WARN_UNUSED_VARIABLE = YES;
				IPHONEOS_DEPLOYMENT_TARGET = 7.1;
				ONLY_ACTIVE_ARCH = YES;
				SDKROOT = iphoneos;
				TARGETED_DEVICE_FAMILY = "1,2";
			};
			name = Debug;
		};
		95D0D7891986C65700A213F6 /* Release */ = {
			isa = XCBuildConfiguration;
			buildSettings = {
				ALWAYS_SEARCH_USER_PATHS = NO;
				CLANG_CXX_LANGUAGE_STANDARD = "gnu++0x";
				CLANG_CXX_LIBRARY = "libc++";
				CLANG_ENABLE_MODULES = YES;
				CLANG_ENABLE_OBJC_ARC = YES;
				CLANG_WARN_BOOL_CONVERSION = YES;
				CLANG_WARN_CONSTANT_CONVERSION = YES;
				CLANG_WARN_DIRECT_OBJC_ISA_USAGE = YES_ERROR;
				CLANG_WARN_EMPTY_BODY = YES;
				CLANG_WARN_ENUM_CONVERSION = YES;
				CLANG_WARN_INT_CONVERSION = YES;
				CLANG_WARN_OBJC_ROOT_CLASS = YES_ERROR;
				CLANG_WARN__DUPLICATE_METHOD_MATCH = YES;
				"CODE_SIGN_IDENTITY[sdk=iphoneos*]" = "iPhone Developer";
				COPY_PHASE_STRIP = YES;
				ENABLE_NS_ASSERTIONS = NO;
				GCC_C_LANGUAGE_STANDARD = gnu99;
				GCC_WARN_64_TO_32_BIT_CONVERSION = YES;
				GCC_WARN_ABOUT_RETURN_TYPE = YES_ERROR;
				GCC_WARN_UNDECLARED_SELECTOR = YES;
				GCC_WARN_UNINITIALIZED_AUTOS = YES_AGGRESSIVE;
				GCC_WARN_UNUSED_FUNCTION = YES;
				GCC_WARN_UNUSED_VARIABLE = YES;
				IPHONEOS_DEPLOYMENT_TARGET = 7.1;
				SDKROOT = iphoneos;
				TARGETED_DEVICE_FAMILY = "1,2";
				VALIDATE_PRODUCT = YES;
			};
			name = Release;
		};
		95D0D78B1986C65700A213F6 /* Debug */ = {
			isa = XCBuildConfiguration;
			buildSettings = {
				ASSETCATALOG_COMPILER_APPICON_NAME = AppIcon;
				ASSETCATALOG_COMPILER_LAUNCHIMAGE_NAME = LaunchImage;
				GCC_PRECOMPILE_PREFIX_HEADER = YES;
				GCC_PREFIX_HEADER = "SuperLinkedin/SuperLinkedin-Prefix.pch";
				INFOPLIST_FILE = "SuperLinkedin/SuperLinkedin-Info.plist";
				PRODUCT_NAME = "$(TARGET_NAME)";
				WRAPPER_EXTENSION = app;
			};
			name = Debug;
		};
		95D0D78C1986C65700A213F6 /* Release */ = {
			isa = XCBuildConfiguration;
			buildSettings = {
				ASSETCATALOG_COMPILER_APPICON_NAME = AppIcon;
				ASSETCATALOG_COMPILER_LAUNCHIMAGE_NAME = LaunchImage;
				GCC_PRECOMPILE_PREFIX_HEADER = YES;
				GCC_PREFIX_HEADER = "SuperLinkedin/SuperLinkedin-Prefix.pch";
				INFOPLIST_FILE = "SuperLinkedin/SuperLinkedin-Info.plist";
				PRODUCT_NAME = "$(TARGET_NAME)";
				WRAPPER_EXTENSION = app;
			};
			name = Release;
		};
		95D0D78E1986C65700A213F6 /* Debug */ = {
			isa = XCBuildConfiguration;
			buildSettings = {
				BUNDLE_LOADER = "$(BUILT_PRODUCTS_DIR)/SuperLinkedin.app/SuperLinkedin";
				FRAMEWORK_SEARCH_PATHS = (
					"$(SDKROOT)/Developer/Library/Frameworks",
					"$(inherited)",
					"$(DEVELOPER_FRAMEWORKS_DIR)",
				);
				GCC_PRECOMPILE_PREFIX_HEADER = YES;
				GCC_PREFIX_HEADER = "SuperLinkedin/SuperLinkedin-Prefix.pch";
				GCC_PREPROCESSOR_DEFINITIONS = (
					"DEBUG=1",
					"$(inherited)",
				);
				INFOPLIST_FILE = "SuperLinkedinTests/SuperLinkedinTests-Info.plist";
				PRODUCT_NAME = "$(TARGET_NAME)";
				TEST_HOST = "$(BUNDLE_LOADER)";
				WRAPPER_EXTENSION = xctest;
			};
			name = Debug;
		};
		95D0D78F1986C65700A213F6 /* Release */ = {
			isa = XCBuildConfiguration;
			buildSettings = {
				BUNDLE_LOADER = "$(BUILT_PRODUCTS_DIR)/SuperLinkedin.app/SuperLinkedin";
				FRAMEWORK_SEARCH_PATHS = (
					"$(SDKROOT)/Developer/Library/Frameworks",
					"$(inherited)",
					"$(DEVELOPER_FRAMEWORKS_DIR)",
				);
				GCC_PRECOMPILE_PREFIX_HEADER = YES;
				GCC_PREFIX_HEADER = "SuperLinkedin/SuperLinkedin-Prefix.pch";
				INFOPLIST_FILE = "SuperLinkedinTests/SuperLinkedinTests-Info.plist";
				PRODUCT_NAME = "$(TARGET_NAME)";
				TEST_HOST = "$(BUNDLE_LOADER)";
				WRAPPER_EXTENSION = xctest;
			};
			name = Release;
		};
/* End XCBuildConfiguration section */

/* Begin XCConfigurationList section */
		95D0D7501986C65700A213F6 /* Build configuration list for PBXProject "SuperLinkedin" */ = {
			isa = XCConfigurationList;
			buildConfigurations = (
				95D0D7881986C65700A213F6 /* Debug */,
				95D0D7891986C65700A213F6 /* Release */,
			);
			defaultConfigurationIsVisible = 0;
			defaultConfigurationName = Release;
		};
		95D0D78A1986C65700A213F6 /* Build configuration list for PBXNativeTarget "SuperLinkedin" */ = {
			isa = XCConfigurationList;
			buildConfigurations = (
				95D0D78B1986C65700A213F6 /* Debug */,
				95D0D78C1986C65700A213F6 /* Release */,
			);
			defaultConfigurationIsVisible = 0;
		};
		95D0D78D1986C65700A213F6 /* Build configuration list for PBXNativeTarget "SuperLinkedinTests" */ = {
			isa = XCConfigurationList;
			buildConfigurations = (
				95D0D78E1986C65700A213F6 /* Debug */,
				95D0D78F1986C65700A213F6 /* Release */,
			);
			defaultConfigurationIsVisible = 0;
		};
/* End XCConfigurationList section */
	};
	rootObject = 95D0D74D1986C65700A213F6 /* Project object */;
}
