// !$*UTF8*$!
{
	archiveVersion = 1;
	classes = {
	};
	objectVersion = 46;
	objects = {

/* Begin PBXBuildFile section */
		95D0D7591986C65700A213F6 /* Foundation.framework in Frameworks */ = {isa = PBXBuildFile; fileRef = 95D0D7581986C65700A213F6 /* Foundation.framework */; };
		95D0D75B1986C65700A213F6 /* CoreGraphics.framework in Frameworks */ = {isa = PBXBuildFile; fileRef = 95D0D75A1986C65700A213F6 /* CoreGraphics.framework */; };
		95D0D75D1986C65700A213F6 /* UIKit.framework in Frameworks */ = {isa = PBXBuildFile; fileRef = 95D0D75C1986C65700A213F6 /* UIKit.framework */; };
		95D0D7631986C65700A213F6 /* InfoPlist.strings in Resources */ = {isa = PBXBuildFile; fileRef = 95D0D7611986C65700A213F6 /* InfoPlist.strings */; };
		95D0D7651986C65700A213F6 /* main.m in Sources */ = {isa = PBXBuildFile; fileRef = 95D0D7641986C65700A213F6 /* main.m */; };
		95D0D7691986C65700A213F6 /* AppDelegate.m in Sources */ = {isa = PBXBuildFile; fileRef = 95D0D7681986C65700A213F6 /* AppDelegate.m */; };
		95D0D76C1986C65700A213F6 /* Main_iPhone.storyboard in Resources */ = {isa = PBXBuildFile; fileRef = 95D0D76A1986C65700A213F6 /* Main_iPhone.storyboard */; };
		95D0D76F1986C65700A213F6 /* Main_iPad.storyboard in Resources */ = {isa = PBXBuildFile; fileRef = 95D0D76D1986C65700A213F6 /* Main_iPad.storyboard */; };
		95D0D7741986C65700A213F6 /* Images.xcassets in Resources */ = {isa = PBXBuildFile; fileRef = 95D0D7731986C65700A213F6 /* Images.xcassets */; };
		95D0D77B1986C65700A213F6 /* XCTest.framework in Frameworks */ = {isa = PBXBuildFile; fileRef = 95D0D77A1986C65700A213F6 /* XCTest.framework */; };
		95D0D77C1986C65700A213F6 /* Foundation.framework in Frameworks */ = {isa = PBXBuildFile; fileRef = 95D0D7581986C65700A213F6 /* Foundation.framework */; };
		95D0D77D1986C65700A213F6 /* UIKit.framework in Frameworks */ = {isa = PBXBuildFile; fileRef = 95D0D75C1986C65700A213F6 /* UIKit.framework */; };
		95D0D7851986C65700A213F6 /* InfoPlist.strings in Resources */ = {isa = PBXBuildFile; fileRef = 95D0D7831986C65700A213F6 /* InfoPlist.strings */; };
		95D0D7871986C65700A213F6 /* SuperLinkedinTests.m in Sources */ = {isa = PBXBuildFile; fileRef = 95D0D7861986C65700A213F6 /* SuperLinkedinTests.m */; };
		95D0D7931986C6A400A213F6 /* LoginViewController.m in Sources */ = {isa = PBXBuildFile; fileRef = 95D0D7921986C6A400A213F6 /* LoginViewController.m */; };
		95D0D7991986FB8400A213F6 /* Config.m in Sources */ = {isa = PBXBuildFile; fileRef = 95D0D7981986FB8400A213F6 /* Config.m */; };
		95D0D7A0198B653900A213F6 /* CompanyTableViewCell.m in Sources */ = {isa = PBXBuildFile; fileRef = 95D0D79F198B653900A213F6 /* CompanyTableViewCell.m */; };
		9601A56B19B39AD7004EB4A0 /* CompanyDetailViewController.m in Sources */ = {isa = PBXBuildFile; fileRef = 9601A56A19B39AD7004EB4A0 /* CompanyDetailViewController.m */; };
		9601A57019B3EDF2004EB4A0 /* MessageCenterTableViewController.m in Sources */ = {isa = PBXBuildFile; fileRef = 9601A56F19B3EDF2004EB4A0 /* MessageCenterTableViewController.m */; };
		9601A57419B82A85004EB4A0 /* UserClass.m in Sources */ = {isa = PBXBuildFile; fileRef = 9601A57319B82A85004EB4A0 /* UserClass.m */; };
		9601A57919C64FF7004EB4A0 /* RequestTableViewCell.m in Sources */ = {isa = PBXBuildFile; fileRef = 9601A57819C64FF7004EB4A0 /* RequestTableViewCell.m */; };
		9601A57C19C6531A004EB4A0 /* ReplyTableViewCell.m in Sources */ = {isa = PBXBuildFile; fileRef = 9601A57B19C6531A004EB4A0 /* ReplyTableViewCell.m */; };
		962C0CBC19C8DD3B005AC86F /* ReplyTableViewCell.xib in Resources */ = {isa = PBXBuildFile; fileRef = 962C0CBB19C8DD3B005AC86F /* ReplyTableViewCell.xib */; };
		962C0CBE19C8E178005AC86F /* RequestTableViewCell.xib in Resources */ = {isa = PBXBuildFile; fileRef = 962C0CBD19C8E178005AC86F /* RequestTableViewCell.xib */; };
		969AF44419A9AD7500586C82 /* SettingsViewController.m in Sources */ = {isa = PBXBuildFile; fileRef = 969AF44319A9AD7500586C82 /* SettingsViewController.m */; };
		96F531CF1998458600704ABB /* HomePageTableViewController.m in Sources */ = {isa = PBXBuildFile; fileRef = 96F531CE1998458600704ABB /* HomePageTableViewController.m */; };
		96F5322719A324EA00704ABB /* SWRevealViewController.m in Sources */ = {isa = PBXBuildFile; fileRef = 96F5322619A324EA00704ABB /* SWRevealViewController.m */; };
		96F5322A19A329B700704ABB /* sideBarMenuController.m in Sources */ = {isa = PBXBuildFile; fileRef = 96F5322919A329B700704ABB /* sideBarMenuController.m */; };
		9FD7113F6FE544D0914CAF51 /* libPods.a in Frameworks */ = {isa = PBXBuildFile; fileRef = FBF76FF06FBF416AB045CB66 /* libPods.a */; };
/* End PBXBuildFile section */

/* Begin PBXContainerItemProxy section */
		95D0D77E1986C65700A213F6 /* PBXContainerItemProxy */ = {
			isa = PBXContainerItemProxy;
			containerPortal = 95D0D74D1986C65700A213F6 /* Project object */;
			proxyType = 1;
			remoteGlobalIDString = 95D0D7541986C65700A213F6;
			remoteInfo = SuperLinkedin;
		};
/* End PBXContainerItemProxy section */

/* Begin PBXFileReference section */
		95D0D7551986C65700A213F6 /* SuperLinkedin.app */ = {isa = PBXFileReference; explicitFileType = wrapper.application; includeInIndex = 0; path = SuperLinkedin.app; sourceTree = BUILT_PRODUCTS_DIR; };
		95D0D7581986C65700A213F6 /* Foundation.framework */ = {isa = PBXFileReference; lastKnownFileType = wrapper.framework; name = Foundation.framework; path = System/Library/Frameworks/Foundation.framework; sourceTree = SDKROOT; };
		95D0D75A1986C65700A213F6 /* CoreGraphics.framework */ = {isa = PBXFileReference; lastKnownFileType = wrapper.framework; name = CoreGraphics.framework; path = System/Library/Frameworks/CoreGraphics.framework; sourceTree = SDKROOT; };
		95D0D75C1986C65700A213F6 /* UIKit.framework */ = {isa = PBXFileReference; lastKnownFileType = wrapper.framework; name = UIKit.framework; path = System/Library/Frameworks/UIKit.framework; sourceTree = SDKROOT; };
		95D0D7601986C65700A213F6 /* SuperLinkedin-Info.plist */ = {isa = PBXFileReference; lastKnownFileType = text.plist.xml; path = "SuperLinkedin-Info.plist"; sourceTree = "<group>"; };
		95D0D7621986C65700A213F6 /* en */ = {isa = PBXFileReference; lastKnownFileType = text.plist.strings; name = en; path = en.lproj/InfoPlist.strings; sourceTree = "<group>"; };
		95D0D7641986C65700A213F6 /* main.m */ = {isa = PBXFileReference; lastKnownFileType = sourcecode.c.objc; path = main.m; sourceTree = "<group>"; };
		95D0D7661986C65700A213F6 /* SuperLinkedin-Prefix.pch */ = {isa = PBXFileReference; lastKnownFileType = sourcecode.c.h; path = "SuperLinkedin-Prefix.pch"; sourceTree = "<group>"; };
		95D0D7671986C65700A213F6 /* AppDelegate.h */ = {isa = PBXFileReference; lastKnownFileType = sourcecode.c.h; path = AppDelegate.h; sourceTree = "<group>"; };
		95D0D7681986C65700A213F6 /* AppDelegate.m */ = {isa = PBXFileReference; lastKnownFileType = sourcecode.c.objc; path = AppDelegate.m; sourceTree = "<group>"; };
		95D0D76B1986C65700A213F6 /* Base */ = {isa = PBXFileReference; lastKnownFileType = file.storyboard; name = Base; path = Base.lproj/Main_iPhone.storyboard; sourceTree = "<group>"; };
		95D0D76E1986C65700A213F6 /* Base */ = {isa = PBXFileReference; lastKnownFileType = file.storyboard; name = Base; path = Base.lproj/Main_iPad.storyboard; sourceTree = "<group>"; };
		95D0D7731986C65700A213F6 /* Images.xcassets */ = {isa = PBXFileReference; lastKnownFileType = folder.assetcatalog; path = Images.xcassets; sourceTree = "<group>"; };
		95D0D7791986C65700A213F6 /* SuperLinkedinTests.xctest */ = {isa = PBXFileReference; explicitFileType = wrapper.cfbundle; includeInIndex = 0; path = SuperLinkedinTests.xctest; sourceTree = BUILT_PRODUCTS_DIR; };
		95D0D77A1986C65700A213F6 /* XCTest.framework */ = {isa = PBXFileReference; lastKnownFileType = wrapper.framework; name = XCTest.framework; path = Library/Frameworks/XCTest.framework; sourceTree = DEVELOPER_DIR; };
		95D0D7821986C65700A213F6 /* SuperLinkedinTests-Info.plist */ = {isa = PBXFileReference; lastKnownFileType = text.plist.xml; path = "SuperLinkedinTests-Info.plist"; sourceTree = "<group>"; };
		95D0D7841986C65700A213F6 /* en */ = {isa = PBXFileReference; lastKnownFileType = text.plist.strings; name = en; path = en.lproj/InfoPlist.strings; sourceTree = "<group>"; };
		95D0D7861986C65700A213F6 /* SuperLinkedinTests.m */ = {isa = PBXFileReference; lastKnownFileType = sourcecode.c.objc; path = SuperLinkedinTests.m; sourceTree = "<group>"; };
		95D0D7911986C6A400A213F6 /* LoginViewController.h */ = {isa = PBXFileReference; fileEncoding = 4; lastKnownFileType = sourcecode.c.h; path = LoginViewController.h; sourceTree = "<group>"; };
		95D0D7921986C6A400A213F6 /* LoginViewController.m */ = {isa = PBXFileReference; fileEncoding = 4; lastKnownFileType = sourcecode.c.objc; path = LoginViewController.m; sourceTree = "<group>"; };
		95D0D7971986FB8400A213F6 /* Config.h */ = {isa = PBXFileReference; fileEncoding = 4; lastKnownFileType = sourcecode.c.h; path = Config.h; sourceTree = "<group>"; };
		95D0D7981986FB8400A213F6 /* Config.m */ = {isa = PBXFileReference; fileEncoding = 4; lastKnownFileType = sourcecode.c.objc; path = Config.m; sourceTree = "<group>"; };
		95D0D79E198B653900A213F6 /* CompanyTableViewCell.h */ = {isa = PBXFileReference; fileEncoding = 4; lastKnownFileType = sourcecode.c.h; path = CompanyTableViewCell.h; sourceTree = "<group>"; };
		95D0D79F198B653900A213F6 /* CompanyTableViewCell.m */ = {isa = PBXFileReference; fileEncoding = 4; lastKnownFileType = sourcecode.c.objc; path = CompanyTableViewCell.m; sourceTree = "<group>"; };
		9601A56919B39AD7004EB4A0 /* CompanyDetailViewController.h */ = {isa = PBXFileReference; fileEncoding = 4; lastKnownFileType = sourcecode.c.h; path = CompanyDetailViewController.h; sourceTree = "<group>"; };
		9601A56A19B39AD7004EB4A0 /* CompanyDetailViewController.m */ = {isa = PBXFileReference; fileEncoding = 4; lastKnownFileType = sourcecode.c.objc; path = CompanyDetailViewController.m; sourceTree = "<group>"; };
		9601A56E19B3EDF2004EB4A0 /* MessageCenterTableViewController.h */ = {isa = PBXFileReference; fileEncoding = 4; lastKnownFileType = sourcecode.c.h; path = MessageCenterTableViewController.h; sourceTree = "<group>"; };
		9601A56F19B3EDF2004EB4A0 /* MessageCenterTableViewController.m */ = {isa = PBXFileReference; fileEncoding = 4; lastKnownFileType = sourcecode.c.objc; path = MessageCenterTableViewController.m; sourceTree = "<group>"; };
		9601A57219B82A85004EB4A0 /* UserClass.h */ = {isa = PBXFileReference; fileEncoding = 4; lastKnownFileType = sourcecode.c.h; path = UserClass.h; sourceTree = "<group>"; };
		9601A57319B82A85004EB4A0 /* UserClass.m */ = {isa = PBXFileReference; fileEncoding = 4; lastKnownFileType = sourcecode.c.objc; path = UserClass.m; sourceTree = "<group>"; };
		9601A57719C64FF7004EB4A0 /* RequestTableViewCell.h */ = {isa = PBXFileReference; fileEncoding = 4; lastKnownFileType = sourcecode.c.h; path = RequestTableViewCell.h; sourceTree = "<group>"; };
		9601A57819C64FF7004EB4A0 /* RequestTableViewCell.m */ = {isa = PBXFileReference; fileEncoding = 4; lastKnownFileType = sourcecode.c.objc; path = RequestTableViewCell.m; sourceTree = "<group>"; };
		9601A57A19C6531A004EB4A0 /* ReplyTableViewCell.h */ = {isa = PBXFileReference; fileEncoding = 4; lastKnownFileType = sourcecode.c.h; path = ReplyTableViewCell.h; sourceTree = "<group>"; };
		9601A57B19C6531A004EB4A0 /* ReplyTableViewCell.m */ = {isa = PBXFileReference; fileEncoding = 4; lastKnownFileType = sourcecode.c.objc; path = ReplyTableViewCell.m; sourceTree = "<group>"; };
		962C0CBB19C8DD3B005AC86F /* ReplyTableViewCell.xib */ = {isa = PBXFileReference; fileEncoding = 4; lastKnownFileType = file.xib; path = ReplyTableViewCell.xib; sourceTree = "<group>"; };
		962C0CBD19C8E178005AC86F /* RequestTableViewCell.xib */ = {isa = PBXFileReference; fileEncoding = 4; lastKnownFileType = file.xib; path = RequestTableViewCell.xib; sourceTree = "<group>"; };
		969AF44219A9AD7500586C82 /* SettingsViewController.h */ = {isa = PBXFileReference; fileEncoding = 4; lastKnownFileType = sourcecode.c.h; path = SettingsViewController.h; sourceTree = "<group>"; };
		969AF44319A9AD7500586C82 /* SettingsViewController.m */ = {isa = PBXFileReference; fileEncoding = 4; lastKnownFileType = sourcecode.c.objc; path = SettingsViewController.m; sourceTree = "<group>"; };
		96F531CD1998458600704ABB /* HomePageTableViewController.h */ = {isa = PBXFileReference; fileEncoding = 4; lastKnownFileType = sourcecode.c.h; path = HomePageTableViewController.h; sourceTree = "<group>"; };
		96F531CE1998458600704ABB /* HomePageTableViewController.m */ = {isa = PBXFileReference; fileEncoding = 4; lastKnownFileType = sourcecode.c.objc; path = HomePageTableViewController.m; sourceTree = "<group>"; };
		96F5322519A324EA00704ABB /* SWRevealViewController.h */ = {isa = PBXFileReference; fileEncoding = 4; lastKnownFileType = sourcecode.c.h; path = SWRevealViewController.h; sourceTree = "<group>"; };
		96F5322619A324EA00704ABB /* SWRevealViewController.m */ = {isa = PBXFileReference; fileEncoding = 4; lastKnownFileType = sourcecode.c.objc; path = SWRevealViewController.m; sourceTree = "<group>"; };
		96F5322819A329B700704ABB /* sideBarMenuController.h */ = {isa = PBXFileReference; fileEncoding = 4; lastKnownFileType = sourcecode.c.h; path = sideBarMenuController.h; sourceTree = "<group>"; };
		96F5322919A329B700704ABB /* sideBarMenuController.m */ = {isa = PBXFileReference; fileEncoding = 4; lastKnownFileType = sourcecode.c.objc; path = sideBarMenuController.m; sourceTree = "<group>"; };
		ED08BD5492A54604B99973DB /* Pods.xcconfig */ = {isa = PBXFileReference; includeInIndex = 1; lastKnownFileType = text.xcconfig; name = Pods.xcconfig; path = Pods/Pods.xcconfig; sourceTree = "<group>"; };
		FBF76FF06FBF416AB045CB66 /* libPods.a */ = {isa = PBXFileReference; explicitFileType = archive.ar; includeInIndex = 0; path = libPods.a; sourceTree = BUILT_PRODUCTS_DIR; };
/* End PBXFileReference section */

/* Begin PBXFrameworksBuildPhase section */
		95D0D7521986C65700A213F6 /* Frameworks */ = {
			isa = PBXFrameworksBuildPhase;
			buildActionMask = 2147483647;
			files = (
				95D0D75B1986C65700A213F6 /* CoreGraphics.framework in Frameworks */,
				95D0D75D1986C65700A213F6 /* UIKit.framework in Frameworks */,
				95D0D7591986C65700A213F6 /* Foundation.framework in Frameworks */,
				9FD7113F6FE544D0914CAF51 /* libPods.a in Frameworks */,
			);
			runOnlyForDeploymentPostprocessing = 0;
		};
		95D0D7761986C65700A213F6 /* Frameworks */ = {
			isa = PBXFrameworksBuildPhase;
			buildActionMask = 2147483647;
			files = (
				95D0D77B1986C65700A213F6 /* XCTest.framework in Frameworks */,
				95D0D77D1986C65700A213F6 /* UIKit.framework in Frameworks */,
				95D0D77C1986C65700A213F6 /* Foundation.framework in Frameworks */,
			);
			runOnlyForDeploymentPostprocessing = 0;
		};
/* End PBXFrameworksBuildPhase section */

/* Begin PBXGroup section */
		95D0D74C1986C65700A213F6 = {
			isa = PBXGroup;
			children = (
				95D0D75E1986C65700A213F6 /* SuperLinkedin */,
				95D0D7801986C65700A213F6 /* SuperLinkedinTests */,
				95D0D7571986C65700A213F6 /* Frameworks */,
				95D0D7561986C65700A213F6 /* Products */,
				ED08BD5492A54604B99973DB /* Pods.xcconfig */,
			);
			sourceTree = "<group>";
		};
		95D0D7561986C65700A213F6 /* Products */ = {
			isa = PBXGroup;
			children = (
				95D0D7551986C65700A213F6 /* SuperLinkedin.app */,
				95D0D7791986C65700A213F6 /* SuperLinkedinTests.xctest */,
			);
			name = Products;
			sourceTree = "<group>";
		};
		95D0D7571986C65700A213F6 /* Frameworks */ = {
			isa = PBXGroup;
			children = (
				95D0D7581986C65700A213F6 /* Foundation.framework */,
				95D0D75A1986C65700A213F6 /* CoreGraphics.framework */,
				95D0D75C1986C65700A213F6 /* UIKit.framework */,
				95D0D77A1986C65700A213F6 /* XCTest.framework */,
				FBF76FF06FBF416AB045CB66 /* libPods.a */,
			);
			name = Frameworks;
			sourceTree = "<group>";
		};
		95D0D75E1986C65700A213F6 /* SuperLinkedin */ = {
			isa = PBXGroup;
			children = (
				9601A57119B82A36004EB4A0 /* AppSingleton */,
				9601A56D19B3EDD1004EB4A0 /* MessageCenter */,
				96F5322419A324D600704ABB /* Library */,
				96F531CC198F182800704ABB /* Config */,
				95D0D79D198B5C1600A213F6 /* HomePage */,
				95D0D7901986C69100A213F6 /* Login */,
				95D0D7671986C65700A213F6 /* AppDelegate.h */,
				95D0D7681986C65700A213F6 /* AppDelegate.m */,
				95D0D76A1986C65700A213F6 /* Main_iPhone.storyboard */,
				95D0D76D1986C65700A213F6 /* Main_iPad.storyboard */,
				95D0D7731986C65700A213F6 /* Images.xcassets */,
				95D0D75F1986C65700A213F6 /* Supporting Files */,
			);
			path = SuperLinkedin;
			sourceTree = "<group>";
		};
		95D0D75F1986C65700A213F6 /* Supporting Files */ = {
			isa = PBXGroup;
			children = (
				95D0D7601986C65700A213F6 /* SuperLinkedin-Info.plist */,
				95D0D7611986C65700A213F6 /* InfoPlist.strings */,
				95D0D7641986C65700A213F6 /* main.m */,
				95D0D7661986C65700A213F6 /* SuperLinkedin-Prefix.pch */,
			);
			name = "Supporting Files";
			sourceTree = "<group>";
		};
		95D0D7801986C65700A213F6 /* SuperLinkedinTests */ = {
			isa = PBXGroup;
			children = (
				95D0D7861986C65700A213F6 /* SuperLinkedinTests.m */,
				95D0D7811986C65700A213F6 /* Supporting Files */,
			);
			path = SuperLinkedinTests;
			sourceTree = "<group>";
		};
		95D0D7811986C65700A213F6 /* Supporting Files */ = {
			isa = PBXGroup;
			children = (
				95D0D7821986C65700A213F6 /* SuperLinkedinTests-Info.plist */,
				95D0D7831986C65700A213F6 /* InfoPlist.strings */,
			);
			name = "Supporting Files";
			sourceTree = "<group>";
		};
		95D0D7901986C69100A213F6 /* Login */ = {
			isa = PBXGroup;
			children = (
				95D0D7911986C6A400A213F6 /* LoginViewController.h */,
				95D0D7921986C6A400A213F6 /* LoginViewController.m */,
			);
			name = Login;
			sourceTree = "<group>";
		};
		95D0D79D198B5C1600A213F6 /* HomePage */ = {
			isa = PBXGroup;
			children = (
				95D0D79E198B653900A213F6 /* CompanyTableViewCell.h */,
				95D0D79F198B653900A213F6 /* CompanyTableViewCell.m */,
				96F531CD1998458600704ABB /* HomePageTableViewController.h */,
				96F531CE1998458600704ABB /* HomePageTableViewController.m */,
				96F5322819A329B700704ABB /* sideBarMenuController.h */,
				96F5322919A329B700704ABB /* sideBarMenuController.m */,
				969AF44219A9AD7500586C82 /* SettingsViewController.h */,
				969AF44319A9AD7500586C82 /* SettingsViewController.m */,
				9601A56919B39AD7004EB4A0 /* CompanyDetailViewController.h */,
				9601A56A19B39AD7004EB4A0 /* CompanyDetailViewController.m */,
			);
			name = HomePage;
			sourceTree = "<group>";
		};
		9601A56D19B3EDD1004EB4A0 /* MessageCenter */ = {
			isa = PBXGroup;
			children = (
				9601A56E19B3EDF2004EB4A0 /* MessageCenterTableViewController.h */,
				9601A56F19B3EDF2004EB4A0 /* MessageCenterTableViewController.m */,
				9601A57719C64FF7004EB4A0 /* RequestTableViewCell.h */,
				9601A57819C64FF7004EB4A0 /* RequestTableViewCell.m */,
				9601A57A19C6531A004EB4A0 /* ReplyTableViewCell.h */,
				9601A57B19C6531A004EB4A0 /* ReplyTableViewCell.m */,
				962C0CBB19C8DD3B005AC86F /* ReplyTableViewCell.xib */,
				962C0CBD19C8E178005AC86F /* RequestTableViewCell.xib */,
			);
			name = MessageCenter;
			sourceTree = "<group>";
		};
		9601A57119B82A36004EB4A0 /* AppSingleton */ = {
			isa = PBXGroup;
			children = (
				9601A57219B82A85004EB4A0 /* UserClass.h */,
				9601A57319B82A85004EB4A0 /* UserClass.m */,
			);
			name = AppSingleton;
			sourceTree = "<group>";
		};
		96F531CC198F182800704ABB /* Config */ = {
			isa = PBXGroup;
			children = (
				95D0D7971986FB8400A213F6 /* Config.h */,
				95D0D7981986FB8400A213F6 /* Config.m */,
			);
			name = Config;
			sourceTree = "<group>";
		};
		96F5322419A324D600704ABB /* Library */ = {
			isa = PBXGroup;
			children = (
				96F5322519A324EA00704ABB /* SWRevealViewController.h */,
				96F5322619A324EA00704ABB /* SWRevealViewController.m */,
			);
			name = Library;
			sourceTree = "<group>";
		};
/* End PBXGroup section */

/* Begin PBXNativeTarget section */
		95D0D7541986C65700A213F6 /* SuperLinkedin */ = {
			isa = PBXNativeTarget;
			buildConfigurationList = 95D0D78A1986C65700A213F6 /* Build configuration list for PBXNativeTarget "SuperLinkedin" */;
			buildPhases = (
				66486867F5E249168CF57281 /* Check Pods Manifest.lock */,
				95D0D7511986C65700A213F6 /* Sources */,
				95D0D7521986C65700A213F6 /* Frameworks */,
				95D0D7531986C65700A213F6 /* Resources */,
				B86B5F155193441DB885B6FD /* Copy Pods Resources */,
			);
			buildRules = (
			);
			dependencies = (
			);
			name = SuperLinkedin;
			productName = SuperLinkedin;
			productReference = 95D0D7551986C65700A213F6 /* SuperLinkedin.app */;
			productType = "com.apple.product-type.application";
		};
		95D0D7781986C65700A213F6 /* SuperLinkedinTests */ = {
			isa = PBXNativeTarget;
			buildConfigurationList = 95D0D78D1986C65700A213F6 /* Build configuration list for PBXNativeTarget "SuperLinkedinTests" */;
			buildPhases = (
				95D0D7751986C65700A213F6 /* Sources */,
				95D0D7761986C65700A213F6 /* Frameworks */,
				95D0D7771986C65700A213F6 /* Resources */,
			);
			buildRules = (
			);
			dependencies = (
				95D0D77F1986C65700A213F6 /* PBXTargetDependency */,
			);
			name = SuperLinkedinTests;
			productName = SuperLinkedinTests;
			productReference = 95D0D7791986C65700A213F6 /* SuperLinkedinTests.xctest */;
			productType = "com.apple.product-type.bundle.unit-test";
		};
/* End PBXNativeTarget section */

/* Begin PBXProject section */
		95D0D74D1986C65700A213F6 /* Project object */ = {
			isa = PBXProject;
			attributes = {
				LastUpgradeCheck = 0510;
				ORGANIZATIONNAME = ej;
				TargetAttributes = {
					95D0D7541986C65700A213F6 = {
						DevelopmentTeam = 8L3ZT8ACG4;
					};
					95D0D7781986C65700A213F6 = {
						TestTargetID = 95D0D7541986C65700A213F6;
					};
				};
			};
			buildConfigurationList = 95D0D7501986C65700A213F6 /* Build configuration list for PBXProject "SuperLinkedin" */;
			compatibilityVersion = "Xcode 3.2";
			developmentRegion = English;
			hasScannedForEncodings = 0;
			knownRegions = (
				en,
				Base,
			);
			mainGroup = 95D0D74C1986C65700A213F6;
			productRefGroup = 95D0D7561986C65700A213F6 /* Products */;
			projectDirPath = "";
			projectRoot = "";
			targets = (
				95D0D7541986C65700A213F6 /* SuperLinkedin */,
				95D0D7781986C65700A213F6 /* SuperLinkedinTests */,
			);
		};
/* End PBXProject section */

/* Begin PBXResourcesBuildPhase section */
		95D0D7531986C65700A213F6 /* Resources */ = {
			isa = PBXResourcesBuildPhase;
			buildActionMask = 2147483647;
			files = (
				95D0D76F1986C65700A213F6 /* Main_iPad.storyboard in Resources */,
				962C0CBE19C8E178005AC86F /* RequestTableViewCell.xib in Resources */,
				95D0D7741986C65700A213F6 /* Images.xcassets in Resources */,
				95D0D76C1986C65700A213F6 /* Main_iPhone.storyboard in Resources */,
				962C0CBC19C8DD3B005AC86F /* ReplyTableViewCell.xib in Resources */,
				95D0D7631986C65700A213F6 /* InfoPlist.strings in Resources */,
			);
			runOnlyForDeploymentPostprocessing = 0;
		};
		95D0D7771986C65700A213F6 /* Resources */ = {
			isa = PBXResourcesBuildPhase;
			buildActionMask = 2147483647;
			files = (
				95D0D7851986C65700A213F6 /* InfoPlist.strings in Resources */,
			);
			runOnlyForDeploymentPostprocessing = 0;
		};
/* End PBXResourcesBuildPhase section */

/* Begin PBXShellScriptBuildPhase section */
		66486867F5E249168CF57281 /* Check Pods Manifest.lock */ = {
			isa = PBXShellScriptBuildPhase;
			buildActionMask = 2147483647;
			files = (
			);
			inputPaths = (
			);
			name = "Check Pods Manifest.lock";
			outputPaths = (
			);
			runOnlyForDeploymentPostprocessing = 0;
			shellPath = /bin/sh;
			shellScript = "diff \"${PODS_ROOT}/../Podfile.lock\" \"${PODS_ROOT}/Manifest.lock\" > /dev/null\nif [[ $? != 0 ]] ; then\n    cat << EOM\nerror: The sandbox is not in sync with the Podfile.lock. Run 'pod install' or update your CocoaPods installation.\nEOM\n    exit 1\nfi\n";
			showEnvVarsInLog = 0;
		};
		B86B5F155193441DB885B6FD /* Copy Pods Resources */ = {
			isa = PBXShellScriptBuildPhase;
			buildActionMask = 2147483647;
			files = (
			);
			inputPaths = (
			);
			name = "Copy Pods Resources";
			outputPaths = (
			);
			runOnlyForDeploymentPostprocessing = 0;
			shellPath = /bin/sh;
			shellScript = "\"${SRCROOT}/Pods/Pods-resources.sh\"\n";
			showEnvVarsInLog = 0;
		};
/* End PBXShellScriptBuildPhase section */

/* Begin PBXSourcesBuildPhase section */
		95D0D7511986C65700A213F6 /* Sources */ = {
			isa = PBXSourcesBuildPhase;
			buildActionMask = 2147483647;
			files = (
				95D0D7691986C65700A213F6 /* AppDelegate.m in Sources */,
				95D0D7A0198B653900A213F6 /* CompanyTableViewCell.m in Sources */,
				9601A57019B3EDF2004EB4A0 /* MessageCenterTableViewController.m in Sources */,
				96F531CF1998458600704ABB /* HomePageTableViewController.m in Sources */,
				96F5322719A324EA00704ABB /* SWRevealViewController.m in Sources */,
				96F5322A19A329B700704ABB /* sideBarMenuController.m in Sources */,
				9601A57C19C6531A004EB4A0 /* ReplyTableViewCell.m in Sources */,
				95D0D7991986FB8400A213F6 /* Config.m in Sources */,
				969AF44419A9AD7500586C82 /* SettingsViewController.m in Sources */,
				9601A57919C64FF7004EB4A0 /* RequestTableViewCell.m in Sources */,
				95D0D7651986C65700A213F6 /* main.m in Sources */,
				95D0D7931986C6A400A213F6 /* LoginViewController.m in Sources */,
				9601A56B19B39AD7004EB4A0 /* CompanyDetailViewController.m in Sources */,
				9601A57419B82A85004EB4A0 /* UserClass.m in Sources */,
			);
			runOnlyForDeploymentPostprocessing = 0;
		};
		95D0D7751986C65700A213F6 /* Sources */ = {
			isa = PBXSourcesBuildPhase;
			buildActionMask = 2147483647;
			files = (
				95D0D7871986C65700A213F6 /* SuperLinkedinTests.m in Sources */,
			);
			runOnlyForDeploymentPostprocessing = 0;
		};
/* End PBXSourcesBuildPhase section */

/* Begin PBXTargetDependency section */
		95D0D77F1986C65700A213F6 /* PBXTargetDependency */ = {
			isa = PBXTargetDependency;
			target = 95D0D7541986C65700A213F6 /* SuperLinkedin */;
			targetProxy = 95D0D77E1986C65700A213F6 /* PBXContainerItemProxy */;
		};
/* End PBXTargetDependency section */

/* Begin PBXVariantGroup section */
		95D0D7611986C65700A213F6 /* InfoPlist.strings */ = {
			isa = PBXVariantGroup;
			children = (
				95D0D7621986C65700A213F6 /* en */,
			);
			name = InfoPlist.strings;
			sourceTree = "<group>";
		};
		95D0D76A1986C65700A213F6 /* Main_iPhone.storyboard */ = {
			isa = PBXVariantGroup;
			children = (
				95D0D76B1986C65700A213F6 /* Base */,
			);
			name = Main_iPhone.storyboard;
			sourceTree = "<group>";
		};
		95D0D76D1986C65700A213F6 /* Main_iPad.storyboard */ = {
			isa = PBXVariantGroup;
			children = (
				95D0D76E1986C65700A213F6 /* Base */,
			);
			name = Main_iPad.storyboard;
			sourceTree = "<group>";
		};
		95D0D7831986C65700A213F6 /* InfoPlist.strings */ = {
			isa = PBXVariantGroup;
			children = (
				95D0D7841986C65700A213F6 /* en */,
			);
			name = InfoPlist.strings;
			sourceTree = "<group>";
		};
/* End PBXVariantGroup section */

/* Begin XCBuildConfiguration section */
		95D0D7881986C65700A213F6 /* Debug */ = {
			isa = XCBuildConfiguration;
			buildSettings = {
				ALWAYS_SEARCH_USER_PATHS = NO;
				CLANG_CXX_LANGUAGE_STANDARD = "gnu++0x";
				CLANG_CXX_LIBRARY = "libc++";
				CLANG_ENABLE_MODULES = YES;
				CLANG_ENABLE_OBJC_ARC = YES;
				CLANG_WARN_BOOL_CONVERSION = YES;
				CLANG_WARN_CONSTANT_CONVERSION = YES;
				CLANG_WARN_DIRECT_OBJC_ISA_USAGE = YES_ERROR;
				CLANG_WARN_EMPTY_BODY = YES;
				CLANG_WARN_ENUM_CONVERSION = YES;
				CLANG_WARN_INT_CONVERSION = YES;
				CLANG_WARN_OBJC_ROOT_CLASS = YES_ERROR;
				CLANG_WARN__DUPLICATE_METHOD_MATCH = YES;
				CODE_SIGN_IDENTITY = "Apple Development IOS Push Services: com.wuhuabeibei.com";
				"CODE_SIGN_IDENTITY[sdk=iphoneos*]" = "Apple Development IOS Push Services: com.wuhuabeibei.com";
				COPY_PHASE_STRIP = NO;
				GCC_C_LANGUAGE_STANDARD = gnu99;
				GCC_DYNAMIC_NO_PIC = NO;
				GCC_OPTIMIZATION_LEVEL = 0;
				GCC_PREPROCESSOR_DEFINITIONS = (
					"DEBUG=1",
					"$(inherited)",
				);
				GCC_SYMBOLS_PRIVATE_EXTERN = NO;
				GCC_WARN_64_TO_32_BIT_CONVERSION = YES;
				GCC_WARN_ABOUT_RETURN_TYPE = YES_ERROR;
				GCC_WARN_UNDECLARED_SELECTOR = YES;
				GCC_WARN_UNINITIALIZED_AUTOS = YES_AGGRESSIVE;
				GCC_WARN_UNUSED_FUNCTION = YES;
				GCC_WARN_UNUSED_VARIABLE = YES;
				IPHONEOS_DEPLOYMENT_TARGET = 7.1;
				ONLY_ACTIVE_ARCH = YES;
				SDKROOT = iphoneos;
				TARGETED_DEVICE_FAMILY = "1,2";
			};
			name = Debug;
		};
		95D0D7891986C65700A213F6 /* Release */ = {
			isa = XCBuildConfiguration;
			buildSettings = {
				ALWAYS_SEARCH_USER_PATHS = NO;
				CLANG_CXX_LANGUAGE_STANDARD = "gnu++0x";
				CLANG_CXX_LIBRARY = "libc++";
				CLANG_ENABLE_MODULES = YES;
				CLANG_ENABLE_OBJC_ARC = YES;
				CLANG_WARN_BOOL_CONVERSION = YES;
				CLANG_WARN_CONSTANT_CONVERSION = YES;
				CLANG_WARN_DIRECT_OBJC_ISA_USAGE = YES_ERROR;
				CLANG_WARN_EMPTY_BODY = YES;
				CLANG_WARN_ENUM_CONVERSION = YES;
				CLANG_WARN_INT_CONVERSION = YES;
				CLANG_WARN_OBJC_ROOT_CLASS = YES_ERROR;
				CLANG_WARN__DUPLICATE_METHOD_MATCH = YES;
				CODE_SIGN_IDENTITY = "Apple Development IOS Push Services: com.wuhuabeibei.com";
				"CODE_SIGN_IDENTITY[sdk=*]" = "Apple Development IOS Push Services: com.wuhuabeibei.com";
				COPY_PHASE_STRIP = YES;
				ENABLE_NS_ASSERTIONS = NO;
				GCC_C_LANGUAGE_STANDARD = gnu99;
				GCC_WARN_64_TO_32_BIT_CONVERSION = YES;
				GCC_WARN_ABOUT_RETURN_TYPE = YES_ERROR;
				GCC_WARN_UNDECLARED_SELECTOR = YES;
				GCC_WARN_UNINITIALIZED_AUTOS = YES_AGGRESSIVE;
				GCC_WARN_UNUSED_FUNCTION = YES;
				GCC_WARN_UNUSED_VARIABLE = YES;
				IPHONEOS_DEPLOYMENT_TARGET = 7.1;
				SDKROOT = iphoneos;
				TARGETED_DEVICE_FAMILY = "1,2";
				VALIDATE_PRODUCT = YES;
			};
			name = Release;
		};
		95D0D78B1986C65700A213F6 /* Debug */ = {
			isa = XCBuildConfiguration;
			baseConfigurationReference = ED08BD5492A54604B99973DB /* Pods.xcconfig */;
			buildSettings = {
				ASSETCATALOG_COMPILER_APPICON_NAME = AppIcon;
				ASSETCATALOG_COMPILER_LAUNCHIMAGE_NAME = LaunchImage;
				CODE_SIGN_IDENTITY = "iPhone Developer";
				"CODE_SIGN_IDENTITY[sdk=iphoneos*]" = "iPhone Developer";
				GCC_PRECOMPILE_PREFIX_HEADER = YES;
				GCC_PREFIX_HEADER = "SuperLinkedin/SuperLinkedin-Prefix.pch";
				INFOPLIST_FILE = "SuperLinkedin/SuperLinkedin-Info.plist";
				IPHONEOS_DEPLOYMENT_TARGET = 7.0;
				PRODUCT_NAME = "$(TARGET_NAME)";
				PROVISIONING_PROFILE = "";
				WRAPPER_EXTENSION = app;
			};
			name = Debug;
		};
		95D0D78C1986C65700A213F6 /* Release */ = {
			isa = XCBuildConfiguration;
			baseConfigurationReference = ED08BD5492A54604B99973DB /* Pods.xcconfig */;
			buildSettings = {
				ASSETCATALOG_COMPILER_APPICON_NAME = AppIcon;
				ASSETCATALOG_COMPILER_LAUNCHIMAGE_NAME = LaunchImage;
				CODE_SIGN_IDENTITY = "iPhone Developer";
				"CODE_SIGN_IDENTITY[sdk=*]" = "Apple Development IOS Push Services: com.wuhuabeibei.com";
				"CODE_SIGN_IDENTITY[sdk=iphoneos*]" = "iPhone Developer";
				GCC_PRECOMPILE_PREFIX_HEADER = YES;
				GCC_PREFIX_HEADER = "SuperLinkedin/SuperLinkedin-Prefix.pch";
				INFOPLIST_FILE = "SuperLinkedin/SuperLinkedin-Info.plist";
				IPHONEOS_DEPLOYMENT_TARGET = 7.0;
				PRODUCT_NAME = "$(TARGET_NAME)";
				PROVISIONING_PROFILE = "";
				WRAPPER_EXTENSION = app;
			};
			name = Release;
		};
		95D0D78E1986C65700A213F6 /* Debug */ = {
			isa = XCBuildConfiguration;
			buildSettings = {
				BUNDLE_LOADER = "$(BUILT_PRODUCTS_DIR)/SuperLinkedin.app/SuperLinkedin";
				FRAMEWORK_SEARCH_PATHS = (
					"$(SDKROOT)/Developer/Library/Frameworks",
					"$(inherited)",
					"$(DEVELOPER_FRAMEWORKS_DIR)",
				);
				GCC_PRECOMPILE_PREFIX_HEADER = YES;
				GCC_PREFIX_HEADER = "SuperLinkedin/SuperLinkedin-Prefix.pch";
				GCC_PREPROCESSOR_DEFINITIONS = (
					"DEBUG=1",
					"$(inherited)",
				);
				INFOPLIST_FILE = "SuperLinkedinTests/SuperLinkedinTests-Info.plist";
				IPHONEOS_DEPLOYMENT_TARGET = 7.0;
				PRODUCT_NAME = "$(TARGET_NAME)";
				TEST_HOST = "$(BUNDLE_LOADER)";
				WRAPPER_EXTENSION = xctest;
			};
			name = Debug;
		};
		95D0D78F1986C65700A213F6 /* Release */ = {
			isa = XCBuildConfiguration;
			buildSettings = {
				BUNDLE_LOADER = "$(BUILT_PRODUCTS_DIR)/SuperLinkedin.app/SuperLinkedin";
				FRAMEWORK_SEARCH_PATHS = (
					"$(SDKROOT)/Developer/Library/Frameworks",
					"$(inherited)",
					"$(DEVELOPER_FRAMEWORKS_DIR)",
				);
				GCC_PRECOMPILE_PREFIX_HEADER = YES;
				GCC_PREFIX_HEADER = "SuperLinkedin/SuperLinkedin-Prefix.pch";
				INFOPLIST_FILE = "SuperLinkedinTests/SuperLinkedinTests-Info.plist";
				IPHONEOS_DEPLOYMENT_TARGET = 7.0;
				PRODUCT_NAME = "$(TARGET_NAME)";
				TEST_HOST = "$(BUNDLE_LOADER)";
				WRAPPER_EXTENSION = xctest;
			};
			name = Release;
		};
/* End XCBuildConfiguration section */

/* Begin XCConfigurationList section */
		95D0D7501986C65700A213F6 /* Build configuration list for PBXProject "SuperLinkedin" */ = {
			isa = XCConfigurationList;
			buildConfigurations = (
				95D0D7881986C65700A213F6 /* Debug */,
				95D0D7891986C65700A213F6 /* Release */,
			);
			defaultConfigurationIsVisible = 0;
			defaultConfigurationName = Release;
		};
		95D0D78A1986C65700A213F6 /* Build configuration list for PBXNativeTarget "SuperLinkedin" */ = {
			isa = XCConfigurationList;
			buildConfigurations = (
				95D0D78B1986C65700A213F6 /* Debug */,
				95D0D78C1986C65700A213F6 /* Release */,
			);
			defaultConfigurationIsVisible = 0;
			defaultConfigurationName = Release;
		};
		95D0D78D1986C65700A213F6 /* Build configuration list for PBXNativeTarget "SuperLinkedinTests" */ = {
			isa = XCConfigurationList;
			buildConfigurations = (
				95D0D78E1986C65700A213F6 /* Debug */,
				95D0D78F1986C65700A213F6 /* Release */,
			);
			defaultConfigurationIsVisible = 0;
			defaultConfigurationName = Release;
		};
/* End XCConfigurationList section */
	};
	rootObject = 95D0D74D1986C65700A213F6 /* Project object */;
}
